
Microsoft Visual Studio Solution File, Format Version 12.00
# Visual Studio Version 17
VisualStudioVersion = 17.9.34723.18
MinimumVisualStudioVersion = 10.0.40219.1
Project("{FAE04EC0-301F-11D3-BF4B-00C04F79EFBC}") = "AzureWebAppDemo", "AzureWebAppDemo\AzureWebAppDemo.csproj", "{084FE73A-63E9-43F0-AFF2-A3B4D3656CED}"
EndProject
Global
	GlobalSection(SolutionConfigurationPlatforms) = preSolution
		Debug|Any CPU = Debug|Any CPU
		Release|Any CPU = Release|Any CPU
	EndGlobalSection
	GlobalSection(ProjectConfigurationPlatforms) = postSolution
		{084FE73A-63E9-43F0-AFF2-A3B4D3656CED}.Debug|Any CPU.ActiveCfg = Debug|Any CPU
		{084FE73A-63E9-43F0-AFF2-A3B4D3656CED}.Debug|Any CPU.Build.0 = Debug|Any CPU
		{084FE73A-63E9-43F0-AFF2-A3B4D3656CED}.Release|Any CPU.ActiveCfg = Release|Any CPU
		{084FE73A-63E9-43F0-AFF2-A3B4D3656CED}.Release|Any CPU.Build.0 = Release|Any CPU
	EndGlobalSection
	GlobalSection(SolutionProperties) = preSolution
		HideSolutionNode = FALSE
	EndGlobalSection
	GlobalSection(ExtensibilityGlobals) = postSolution
		SolutionGuid = {CAC4761F-8857-4B4A-8D33-53883B172137}
	EndGlobalSection
EndGlobal
